
Microsoft Visual Studio Solution File, Format Version 12.00
# Visual Studio Version 17
VisualStudioVersion = 17.0.31903.59
MinimumVisualStudioVersion = 10.0.40219.1
Project("{2150E333-8FDC-42A3-9474-1A3956D46DE8}") = "proposal", "proposal", "{51B3ED2D-8F56-4716-9131-FF842CE9CE29}"
EndProject
Project("{2150E333-8FDC-42A3-9474-1A3956D46DE8}") = "src", "src", "{D54B67B2-8ABF-413E-9B10-088B98C3B36E}"
EndProject
Project("{2150E333-8FDC-42A3-9474-1A3956D46DE8}") = "tests", "tests", "{282A953B-8B76-4196-BA19-6CE19D01FA4A}"
EndProject
Project("{2150E333-8FDC-42A3-9474-1A3956D46DE8}") = "credit-analysis-engine", "credit-analysis-engine", "{BF0020AD-E612-4D11-A895-F0F2DB4BFE6D}"
EndProject
Project("{2150E333-8FDC-42A3-9474-1A3956D46DE8}") = "src", "src", "{BE64C17C-E46B-4CE8-AF94-E39BDC5E193A}"
EndProject
Project("{2150E333-8FDC-42A3-9474-1A3956D46DE8}") = "tests", "tests", "{B29764F2-5A7D-416D-99FA-C234A18E7126}"
EndProject
Project("{2150E333-8FDC-42A3-9474-1A3956D46DE8}") = "fraud-analysis", "fraud-analysis", "{47ADD460-A94A-45C3-B439-F3A1CEAB1E1C}"
EndProject
Project("{2150E333-8FDC-42A3-9474-1A3956D46DE8}") = "src", "src", "{D68B6485-CD79-4413-81D9-B451ABE3B2B7}"
EndProject
Project("{2150E333-8FDC-42A3-9474-1A3956D46DE8}") = "tests", "tests", "{7BDEC695-68C9-4EC8-8111-D2610F1B8614}"
EndProject
Project("{FAE04EC0-301F-11D3-BF4B-00C04F79EFBC}") = "Atividade02.Proposals.API", "proposals\src\Atividade02.Proposals.API\Atividade02.Proposals.API.csproj", "{CA7DCCA4-58E7-4C5A-802A-5BE6C24ECD7A}"
EndProject
Project("{FAE04EC0-301F-11D3-BF4B-00C04F79EFBC}") = "Atividade02.Proposals.Application", "proposals\src\Atividade02.Proposals.Application\Atividade02.Proposals.Application.csproj", "{27D20AFC-0F82-46C5-9241-669F3F63C850}"
EndProject
Project("{FAE04EC0-301F-11D3-BF4B-00C04F79EFBC}") = "Atividade02.Proposals.Domain", "proposals\src\Atividade02.Proposals.Domain\Atividade02.Proposals.Domain.csproj", "{878F37BE-4746-4C59-ADF3-81ECB7E19A3E}"
EndProject
Project("{FAE04EC0-301F-11D3-BF4B-00C04F79EFBC}") = "Atividade02.Proposals.Infrastructure", "proposals\src\Atividade02.Proposals.Infrastructure\Atividade02.Proposals.Infrastructure.csproj", "{F659FCDD-41E6-4FB0-BF63-B15DB29DD54D}"
EndProject
Project("{FAE04EC0-301F-11D3-BF4B-00C04F79EFBC}") = "Atividade02.Proposals.CrossCutting", "proposals\src\Atividade02.Proposals.CrossCutting\Atividade02.Proposals.CrossCutting.csproj", "{2660B372-5C5C-44B2-904E-3E80149263FC}"
EndProject
Project("{FAE04EC0-301F-11D3-BF4B-00C04F79EFBC}") = "Atividade02.Proposals.CrossCutting.IoC", "proposals\src\Atividade02.Proposals.CrossCutting.IoC\Atividade02.Proposals.CrossCutting.IoC.csproj", "{25C6C5A6-9538-46FA-8795-07292A345E8E}"
EndProject
Project("{2150E333-8FDC-42A3-9474-1A3956D46DE8}") = "BuildingBlocks", "BuildingBlocks", "{B6C7874C-F511-4AB1-B8D3-F47B44F8102A}"
EndProject
Project("{2150E333-8FDC-42A3-9474-1A3956D46DE8}") = "MessageBus", "MessageBus", "{7D6F85EF-C017-4FD1-BE36-C1D6BEF4FA3A}"
EndProject
Project("{FAE04EC0-301F-11D3-BF4B-00C04F79EFBC}") = "Atividade02.Core.MessageBus", "BuildingBlocks\Atividade02.Core.MessageBus\Atividade02.Core.MessageBus.csproj", "{F61496AC-D115-406A-98CA-1D3E08B1CA7A}"
EndProject
Project("{2150E333-8FDC-42A3-9474-1A3956D46DE8}") = "Core", "Core", "{17B20C0C-174B-4692-A831-7AEE4386E509}"
EndProject
Project("{FAE04EC0-301F-11D3-BF4B-00C04F79EFBC}") = "Atividade02.Core", "BuildingBlocks\Atividade02.Core\Atividade02.Core.csproj", "{3EC12401-35AC-48D4-B275-BB330971F29D}"
EndProject
Project("{FAE04EC0-301F-11D3-BF4B-00C04F79EFBC}") = "Atividade02.FraudAnalysis.Worker", "fraud-analysis\src\Atividade02.FraudAnalysis\Atividade02.FraudAnalysis.Worker.csproj", "{6B705879-3C3E-4EA0-A144-B6A67D9EEDEC}"
EndProject
Project("{FAE04EC0-301F-11D3-BF4B-00C04F79EFBC}") = "Atividade02.CreditAnalysisEngine.Worker", "credit-analysis-engine\src\Atividade02.CreditAnalysisEngine.Worker\Atividade02.CreditAnalysisEngine.Worker.csproj", "{4BD2C240-86E9-4120-8C33-BB87CB31972C}"
EndProject
Project("{FAE04EC0-301F-11D3-BF4B-00C04F79EFBC}") = "Atividade02.Proposals.Domain.Services", "proposals\src\Atividade02.Proposals.Domain.Services\Atividade02.Proposals.Domain.Services.csproj", "{AA87D115-69E6-455D-9A83-7AC6F0FDFAA0}"
EndProject
Project("{2150E333-8FDC-42A3-9474-1A3956D46DE8}") = "0 - Apresentation", "0 - Apresentation", "{A3453985-5A0E-404F-BE04-37AE45A1AF78}"
EndProject
Project("{2150E333-8FDC-42A3-9474-1A3956D46DE8}") = "1 - Application", "1 - Application", "{1D6ABFCC-F8DD-40AF-A125-D277CB3FE715}"
EndProject
Project("{2150E333-8FDC-42A3-9474-1A3956D46DE8}") = "2 - Domain", "2 - Domain", "{2EC7BE0C-0CC5-4861-B4A1-5EF068713AA4}"
EndProject
Project("{2150E333-8FDC-42A3-9474-1A3956D46DE8}") = "3 - Infrastructure", "3 - Infrastructure", "{F7654C83-035C-4842-80A6-A76294654E2F}"
EndProject
Project("{2150E333-8FDC-42A3-9474-1A3956D46DE8}") = "4 - CrossCutting", "4 - CrossCutting", "{1391598D-F64B-4218-8BDD-B72F5DD465F3}"
EndProject
Project("{FAE04EC0-301F-11D3-BF4B-00C04F79EFBC}") = "Atividade02.Proposals.Infrastructure.ExternalServices.CreditAnalysisEngine", "proposals\src\Atividade02.Proposals.Infrastructure.ExternalServices.CreditAnalysisEngine\Atividade02.Proposals.Infrastructure.ExternalServices.CreditAnalysisEngine.csproj", "{A5FD3FFB-4461-45BF-B9BF-CB64E0CBE5B2}"
EndProject
Global
	GlobalSection(SolutionConfigurationPlatforms) = preSolution
		Debug|Any CPU = Debug|Any CPU
		Release|Any CPU = Release|Any CPU
	EndGlobalSection
	GlobalSection(SolutionProperties) = preSolution
		HideSolutionNode = FALSE
	EndGlobalSection
	GlobalSection(ProjectConfigurationPlatforms) = postSolution
		{CA7DCCA4-58E7-4C5A-802A-5BE6C24ECD7A}.Debug|Any CPU.ActiveCfg = Debug|Any CPU
		{CA7DCCA4-58E7-4C5A-802A-5BE6C24ECD7A}.Debug|Any CPU.Build.0 = Debug|Any CPU
		{CA7DCCA4-58E7-4C5A-802A-5BE6C24ECD7A}.Release|Any CPU.ActiveCfg = Release|Any CPU
		{CA7DCCA4-58E7-4C5A-802A-5BE6C24ECD7A}.Release|Any CPU.Build.0 = Release|Any CPU
		{27D20AFC-0F82-46C5-9241-669F3F63C850}.Debug|Any CPU.ActiveCfg = Debug|Any CPU
		{27D20AFC-0F82-46C5-9241-669F3F63C850}.Debug|Any CPU.Build.0 = Debug|Any CPU
		{27D20AFC-0F82-46C5-9241-669F3F63C850}.Release|Any CPU.ActiveCfg = Release|Any CPU
		{27D20AFC-0F82-46C5-9241-669F3F63C850}.Release|Any CPU.Build.0 = Release|Any CPU
		{878F37BE-4746-4C59-ADF3-81ECB7E19A3E}.Debug|Any CPU.ActiveCfg = Debug|Any CPU
		{878F37BE-4746-4C59-ADF3-81ECB7E19A3E}.Debug|Any CPU.Build.0 = Debug|Any CPU
		{878F37BE-4746-4C59-ADF3-81ECB7E19A3E}.Release|Any CPU.ActiveCfg = Release|Any CPU
		{878F37BE-4746-4C59-ADF3-81ECB7E19A3E}.Release|Any CPU.Build.0 = Release|Any CPU
		{F659FCDD-41E6-4FB0-BF63-B15DB29DD54D}.Debug|Any CPU.ActiveCfg = Debug|Any CPU
		{F659FCDD-41E6-4FB0-BF63-B15DB29DD54D}.Debug|Any CPU.Build.0 = Debug|Any CPU
		{F659FCDD-41E6-4FB0-BF63-B15DB29DD54D}.Release|Any CPU.ActiveCfg = Release|Any CPU
		{F659FCDD-41E6-4FB0-BF63-B15DB29DD54D}.Release|Any CPU.Build.0 = Release|Any CPU
		{2660B372-5C5C-44B2-904E-3E80149263FC}.Debug|Any CPU.ActiveCfg = Debug|Any CPU
		{2660B372-5C5C-44B2-904E-3E80149263FC}.Debug|Any CPU.Build.0 = Debug|Any CPU
		{2660B372-5C5C-44B2-904E-3E80149263FC}.Release|Any CPU.ActiveCfg = Release|Any CPU
		{2660B372-5C5C-44B2-904E-3E80149263FC}.Release|Any CPU.Build.0 = Release|Any CPU
		{25C6C5A6-9538-46FA-8795-07292A345E8E}.Debug|Any CPU.ActiveCfg = Debug|Any CPU
		{25C6C5A6-9538-46FA-8795-07292A345E8E}.Debug|Any CPU.Build.0 = Debug|Any CPU
		{25C6C5A6-9538-46FA-8795-07292A345E8E}.Release|Any CPU.ActiveCfg = Release|Any CPU
		{25C6C5A6-9538-46FA-8795-07292A345E8E}.Release|Any CPU.Build.0 = Release|Any CPU
		{F61496AC-D115-406A-98CA-1D3E08B1CA7A}.Debug|Any CPU.ActiveCfg = Debug|Any CPU
		{F61496AC-D115-406A-98CA-1D3E08B1CA7A}.Debug|Any CPU.Build.0 = Debug|Any CPU
		{F61496AC-D115-406A-98CA-1D3E08B1CA7A}.Release|Any CPU.ActiveCfg = Release|Any CPU
		{F61496AC-D115-406A-98CA-1D3E08B1CA7A}.Release|Any CPU.Build.0 = Release|Any CPU
		{3EC12401-35AC-48D4-B275-BB330971F29D}.Debug|Any CPU.ActiveCfg = Debug|Any CPU
		{3EC12401-35AC-48D4-B275-BB330971F29D}.Debug|Any CPU.Build.0 = Debug|Any CPU
		{3EC12401-35AC-48D4-B275-BB330971F29D}.Release|Any CPU.ActiveCfg = Release|Any CPU
		{3EC12401-35AC-48D4-B275-BB330971F29D}.Release|Any CPU.Build.0 = Release|Any CPU
		{6B705879-3C3E-4EA0-A144-B6A67D9EEDEC}.Debug|Any CPU.ActiveCfg = Debug|Any CPU
		{6B705879-3C3E-4EA0-A144-B6A67D9EEDEC}.Debug|Any CPU.Build.0 = Debug|Any CPU
		{6B705879-3C3E-4EA0-A144-B6A67D9EEDEC}.Release|Any CPU.ActiveCfg = Release|Any CPU
		{6B705879-3C3E-4EA0-A144-B6A67D9EEDEC}.Release|Any CPU.Build.0 = Release|Any CPU
		{4BD2C240-86E9-4120-8C33-BB87CB31972C}.Debug|Any CPU.ActiveCfg = Debug|Any CPU
		{4BD2C240-86E9-4120-8C33-BB87CB31972C}.Debug|Any CPU.Build.0 = Debug|Any CPU
		{4BD2C240-86E9-4120-8C33-BB87CB31972C}.Release|Any CPU.ActiveCfg = Release|Any CPU
		{4BD2C240-86E9-4120-8C33-BB87CB31972C}.Release|Any CPU.Build.0 = Release|Any CPU
		{AA87D115-69E6-455D-9A83-7AC6F0FDFAA0}.Debug|Any CPU.ActiveCfg = Debug|Any CPU
		{AA87D115-69E6-455D-9A83-7AC6F0FDFAA0}.Debug|Any CPU.Build.0 = Debug|Any CPU
		{AA87D115-69E6-455D-9A83-7AC6F0FDFAA0}.Release|Any CPU.ActiveCfg = Release|Any CPU
		{AA87D115-69E6-455D-9A83-7AC6F0FDFAA0}.Release|Any CPU.Build.0 = Release|Any CPU
		{A5FD3FFB-4461-45BF-B9BF-CB64E0CBE5B2}.Debug|Any CPU.ActiveCfg = Debug|Any CPU
		{A5FD3FFB-4461-45BF-B9BF-CB64E0CBE5B2}.Debug|Any CPU.Build.0 = Debug|Any CPU
		{A5FD3FFB-4461-45BF-B9BF-CB64E0CBE5B2}.Release|Any CPU.ActiveCfg = Release|Any CPU
		{A5FD3FFB-4461-45BF-B9BF-CB64E0CBE5B2}.Release|Any CPU.Build.0 = Release|Any CPU
	EndGlobalSection
	GlobalSection(NestedProjects) = preSolution
		{D54B67B2-8ABF-413E-9B10-088B98C3B36E} = {51B3ED2D-8F56-4716-9131-FF842CE9CE29}
		{282A953B-8B76-4196-BA19-6CE19D01FA4A} = {51B3ED2D-8F56-4716-9131-FF842CE9CE29}
		{BE64C17C-E46B-4CE8-AF94-E39BDC5E193A} = {BF0020AD-E612-4D11-A895-F0F2DB4BFE6D}
		{B29764F2-5A7D-416D-99FA-C234A18E7126} = {BF0020AD-E612-4D11-A895-F0F2DB4BFE6D}
		{D68B6485-CD79-4413-81D9-B451ABE3B2B7} = {47ADD460-A94A-45C3-B439-F3A1CEAB1E1C}
		{7BDEC695-68C9-4EC8-8111-D2610F1B8614} = {47ADD460-A94A-45C3-B439-F3A1CEAB1E1C}
		{CA7DCCA4-58E7-4C5A-802A-5BE6C24ECD7A} = {A3453985-5A0E-404F-BE04-37AE45A1AF78}
		{27D20AFC-0F82-46C5-9241-669F3F63C850} = {1D6ABFCC-F8DD-40AF-A125-D277CB3FE715}
		{878F37BE-4746-4C59-ADF3-81ECB7E19A3E} = {2EC7BE0C-0CC5-4861-B4A1-5EF068713AA4}
		{F659FCDD-41E6-4FB0-BF63-B15DB29DD54D} = {F7654C83-035C-4842-80A6-A76294654E2F}
		{2660B372-5C5C-44B2-904E-3E80149263FC} = {1391598D-F64B-4218-8BDD-B72F5DD465F3}
		{25C6C5A6-9538-46FA-8795-07292A345E8E} = {1391598D-F64B-4218-8BDD-B72F5DD465F3}
		{7D6F85EF-C017-4FD1-BE36-C1D6BEF4FA3A} = {B6C7874C-F511-4AB1-B8D3-F47B44F8102A}
		{F61496AC-D115-406A-98CA-1D3E08B1CA7A} = {7D6F85EF-C017-4FD1-BE36-C1D6BEF4FA3A}
		{17B20C0C-174B-4692-A831-7AEE4386E509} = {B6C7874C-F511-4AB1-B8D3-F47B44F8102A}
		{3EC12401-35AC-48D4-B275-BB330971F29D} = {17B20C0C-174B-4692-A831-7AEE4386E509}
		{6B705879-3C3E-4EA0-A144-B6A67D9EEDEC} = {D68B6485-CD79-4413-81D9-B451ABE3B2B7}
		{4BD2C240-86E9-4120-8C33-BB87CB31972C} = {BE64C17C-E46B-4CE8-AF94-E39BDC5E193A}
		{AA87D115-69E6-455D-9A83-7AC6F0FDFAA0} = {2EC7BE0C-0CC5-4861-B4A1-5EF068713AA4}
		{A3453985-5A0E-404F-BE04-37AE45A1AF78} = {D54B67B2-8ABF-413E-9B10-088B98C3B36E}
		{1D6ABFCC-F8DD-40AF-A125-D277CB3FE715} = {D54B67B2-8ABF-413E-9B10-088B98C3B36E}
		{2EC7BE0C-0CC5-4861-B4A1-5EF068713AA4} = {D54B67B2-8ABF-413E-9B10-088B98C3B36E}
		{F7654C83-035C-4842-80A6-A76294654E2F} = {D54B67B2-8ABF-413E-9B10-088B98C3B36E}
		{1391598D-F64B-4218-8BDD-B72F5DD465F3} = {D54B67B2-8ABF-413E-9B10-088B98C3B36E}
		{A5FD3FFB-4461-45BF-B9BF-CB64E0CBE5B2} = {F7654C83-035C-4842-80A6-A76294654E2F}
	EndGlobalSection
EndGlobal
